
Microsoft Visual Studio Solution File, Format Version 12.00
# Visual Studio Version 16
VisualStudioVersion = 16.0.30114.105
MinimumVisualStudioVersion = 10.0.40219.1
Project("{888888A0-9F3D-457C-B088-3A5042F75D52}") = "Shaun of the Dead", "Shaun of the Dead\Shaun of the Dead.pyproj", "{950AD552-2108-4017-849F-F131CEA26F12}"
EndProject
Project("{2150E333-8FDC-42A3-9474-1A3956D46DE8}") = "Solution Items", "Solution Items", "{6A769502-528E-4434-A12A-A55169DC07B5}"
EndProject
Global
	GlobalSection(SolutionConfigurationPlatforms) = preSolution
		Debug|Any CPU = Debug|Any CPU
		Release|Any CPU = Release|Any CPU
	EndGlobalSection
	GlobalSection(ProjectConfigurationPlatforms) = postSolution
		{950AD552-2108-4017-849F-F131CEA26F12}.Debug|Any CPU.ActiveCfg = Debug|Any CPU
		{950AD552-2108-4017-849F-F131CEA26F12}.Release|Any CPU.ActiveCfg = Release|Any CPU
	EndGlobalSection
	GlobalSection(SolutionProperties) = preSolution
		HideSolutionNode = FALSE
	EndGlobalSection
	GlobalSection(ExtensibilityGlobals) = postSolution
		SolutionGuid = {10FA9838-6F44-4F8C-89EB-2C22CF278AA5}
	EndGlobalSection
EndGlobal
